
Microsoft Visual Studio Solution File, Format Version 12.00
# Visual Studio 15
VisualStudioVersion = 15.0.28307.271
MinimumVisualStudioVersion = 10.0.40219.1
Project("{FAE04EC0-301F-11D3-BF4B-00C04F79EFBC}") = "Orbita2", "Orbita2\Orbita2.csproj", "{F580E399-D975-415C-B821-15B5EBDF9708}"
EndProject
Global
	GlobalSection(SolutionConfigurationPlatforms) = preSolution
		Debug|Any CPU = Debug|Any CPU
		Release|Any CPU = Release|Any CPU
	EndGlobalSection
	GlobalSection(ProjectConfigurationPlatforms) = postSolution
		{F580E399-D975-415C-B821-15B5EBDF9708}.Debug|Any CPU.ActiveCfg = Debug|Any CPU
		{F580E399-D975-415C-B821-15B5EBDF9708}.Debug|Any CPU.Build.0 = Debug|Any CPU
		{F580E399-D975-415C-B821-15B5EBDF9708}.Release|Any CPU.ActiveCfg = Release|Any CPU
		{F580E399-D975-415C-B821-15B5EBDF9708}.Release|Any CPU.Build.0 = Release|Any CPU
	EndGlobalSection
	GlobalSection(SolutionProperties) = preSolution
		HideSolutionNode = FALSE
	EndGlobalSection
	GlobalSection(ExtensibilityGlobals) = postSolution
		SolutionGuid = {508C7E2A-E44B-4DCE-AA41-5B3890838A13}
	EndGlobalSection
EndGlobal
