
Microsoft Visual Studio Solution File, Format Version 12.00
# Visual Studio 15
VisualStudioVersion = 15.0.28307.271
MinimumVisualStudioVersion = 10.0.40219.1
Project("{FAE04EC0-301F-11D3-BF4B-00C04F79EFBC}") = "Car", "Car\Car.csproj", "{57397CF7-D78F-4D3F-8046-EBC4CCFF5E86}"
EndProject
Global
	GlobalSection(SolutionConfigurationPlatforms) = preSolution
		Debug|Any CPU = Debug|Any CPU
		Release|Any CPU = Release|Any CPU
	EndGlobalSection
	GlobalSection(ProjectConfigurationPlatforms) = postSolution
		{57397CF7-D78F-4D3F-8046-EBC4CCFF5E86}.Debug|Any CPU.ActiveCfg = Debug|Any CPU
		{57397CF7-D78F-4D3F-8046-EBC4CCFF5E86}.Debug|Any CPU.Build.0 = Debug|Any CPU
		{57397CF7-D78F-4D3F-8046-EBC4CCFF5E86}.Release|Any CPU.ActiveCfg = Release|Any CPU
		{57397CF7-D78F-4D3F-8046-EBC4CCFF5E86}.Release|Any CPU.Build.0 = Release|Any CPU
	EndGlobalSection
	GlobalSection(SolutionProperties) = preSolution
		HideSolutionNode = FALSE
	EndGlobalSection
	GlobalSection(ExtensibilityGlobals) = postSolution
		SolutionGuid = {A6246D87-042F-44BA-9D64-6A78CFFED555}
	EndGlobalSection
EndGlobal
