
Microsoft Visual Studio Solution File, Format Version 12.00
# Visual Studio 15
VisualStudioVersion = 15.0.28307.271
MinimumVisualStudioVersion = 10.0.40219.1
Project("{FAE04EC0-301F-11D3-BF4B-00C04F79EFBC}") = "Task 2", "Task 2\Task 2.csproj", "{7127F6E9-CB91-40C4-874C-41447082E063}"
EndProject
Global
	GlobalSection(SolutionConfigurationPlatforms) = preSolution
		Debug|Any CPU = Debug|Any CPU
		Release|Any CPU = Release|Any CPU
	EndGlobalSection
	GlobalSection(ProjectConfigurationPlatforms) = postSolution
		{7127F6E9-CB91-40C4-874C-41447082E063}.Debug|Any CPU.ActiveCfg = Debug|Any CPU
		{7127F6E9-CB91-40C4-874C-41447082E063}.Debug|Any CPU.Build.0 = Debug|Any CPU
		{7127F6E9-CB91-40C4-874C-41447082E063}.Release|Any CPU.ActiveCfg = Release|Any CPU
		{7127F6E9-CB91-40C4-874C-41447082E063}.Release|Any CPU.Build.0 = Release|Any CPU
	EndGlobalSection
	GlobalSection(SolutionProperties) = preSolution
		HideSolutionNode = FALSE
	EndGlobalSection
	GlobalSection(ExtensibilityGlobals) = postSolution
		SolutionGuid = {BBCC200D-5D94-4238-AD12-E41C53709603}
	EndGlobalSection
EndGlobal
