
Microsoft Visual Studio Solution File, Format Version 12.00
# Visual Studio 15
VisualStudioVersion = 15.0.28307.271
MinimumVisualStudioVersion = 10.0.40219.1
Project("{FAE04EC0-301F-11D3-BF4B-00C04F79EFBC}") = "Task1", "Task1\Task1.csproj", "{C6F9240F-263F-41D7-9674-791C75BD2873}"
EndProject
Global
	GlobalSection(SolutionConfigurationPlatforms) = preSolution
		Debug|Any CPU = Debug|Any CPU
		Release|Any CPU = Release|Any CPU
	EndGlobalSection
	GlobalSection(ProjectConfigurationPlatforms) = postSolution
		{C6F9240F-263F-41D7-9674-791C75BD2873}.Debug|Any CPU.ActiveCfg = Debug|Any CPU
		{C6F9240F-263F-41D7-9674-791C75BD2873}.Debug|Any CPU.Build.0 = Debug|Any CPU
		{C6F9240F-263F-41D7-9674-791C75BD2873}.Release|Any CPU.ActiveCfg = Release|Any CPU
		{C6F9240F-263F-41D7-9674-791C75BD2873}.Release|Any CPU.Build.0 = Release|Any CPU
	EndGlobalSection
	GlobalSection(SolutionProperties) = preSolution
		HideSolutionNode = FALSE
	EndGlobalSection
	GlobalSection(ExtensibilityGlobals) = postSolution
		SolutionGuid = {88EF8A90-F76E-438E-B3DA-E4A19DD474F5}
	EndGlobalSection
EndGlobal
