
Microsoft Visual Studio Solution File, Format Version 12.00
# Visual Studio 15
VisualStudioVersion = 15.0.28307.271
MinimumVisualStudioVersion = 10.0.40219.1
Project("{FAE04EC0-301F-11D3-BF4B-00C04F79EFBC}") = "calc", "calc\calc.csproj", "{93898256-E6B9-4EDA-B1FA-4A0BA68E923B}"
EndProject
Global
	GlobalSection(SolutionConfigurationPlatforms) = preSolution
		Debug|Any CPU = Debug|Any CPU
		Release|Any CPU = Release|Any CPU
	EndGlobalSection
	GlobalSection(ProjectConfigurationPlatforms) = postSolution
		{93898256-E6B9-4EDA-B1FA-4A0BA68E923B}.Debug|Any CPU.ActiveCfg = Debug|Any CPU
		{93898256-E6B9-4EDA-B1FA-4A0BA68E923B}.Debug|Any CPU.Build.0 = Debug|Any CPU
		{93898256-E6B9-4EDA-B1FA-4A0BA68E923B}.Release|Any CPU.ActiveCfg = Release|Any CPU
		{93898256-E6B9-4EDA-B1FA-4A0BA68E923B}.Release|Any CPU.Build.0 = Release|Any CPU
	EndGlobalSection
	GlobalSection(SolutionProperties) = preSolution
		HideSolutionNode = FALSE
	EndGlobalSection
	GlobalSection(ExtensibilityGlobals) = postSolution
		SolutionGuid = {C0C85CF6-32BF-486F-9743-FB6749693425}
	EndGlobalSection
EndGlobal
